{
  "requires": true,
  "lockfileVersion": 1,
  "dependencies": {
    "js-clipper": {
      "version": "1.0.1",
      "resolved": "https://registry.npmjs.org/js-clipper/-/js-clipper-1.0.1.tgz",
      "integrity": "sha1-TWsHQ0pECOfBKeMiAc5m0hR07SE="
    },
    "leaflet": {
      "version": "1.7.1",
      "resolved": "https://registry.npmjs.org/leaflet/-/leaflet-1.7.1.tgz",
      "integrity": "sha512-/xwPEBidtg69Q3HlqPdU3DnrXQOvQU/CCHA1tcDQVzOwm91YMYaILjNp7L4Eaw5Z4sOYdbBz6koWyibppd8Zqw=="
    },
    "leaflet-overpass-layer": {
      "version": "2.8.4",
      "resolved": "https://registry.npmjs.org/leaflet-overpass-layer/-/leaflet-overpass-layer-2.8.4.tgz",
      "integrity": "sha512-+/15Np/dnrNIZS5IgkzcAWFVI0kYlfIbjF+epADB1G9jsh2gA3Gw4HhhJaoH4qyfyLR7ab1zZVIBnPmed1qCSg==",
      "requires": {
        "js-clipper": "^1.0.1",
        "leaflet": "^1.2.0"
      }
    }
  }
}
